
Microsoft Visual Studio Solution File, Format Version 12.00
# Visual Studio Version 17
VisualStudioVersion = 17.9.34728.123
MinimumVisualStudioVersion = 10.0.40219.1
Project("{FAE04EC0-301F-11D3-BF4B-00C04F79EFBC}") = "WebApplication1clouds", "WebApplication1clouds\WebApplication1clouds.csproj", "{F4FC37BA-070B-427B-808A-44303B331601}"
EndProject
Global
	GlobalSection(SolutionConfigurationPlatforms) = preSolution
		Debug|Any CPU = Debug|Any CPU
		Release|Any CPU = Release|Any CPU
	EndGlobalSection
	GlobalSection(ProjectConfigurationPlatforms) = postSolution
		{F4FC37BA-070B-427B-808A-44303B331601}.Debug|Any CPU.ActiveCfg = Debug|Any CPU
		{F4FC37BA-070B-427B-808A-44303B331601}.Debug|Any CPU.Build.0 = Debug|Any CPU
		{F4FC37BA-070B-427B-808A-44303B331601}.Release|Any CPU.ActiveCfg = Release|Any CPU
		{F4FC37BA-070B-427B-808A-44303B331601}.Release|Any CPU.Build.0 = Release|Any CPU
	EndGlobalSection
	GlobalSection(SolutionProperties) = preSolution
		HideSolutionNode = FALSE
	EndGlobalSection
	GlobalSection(ExtensibilityGlobals) = postSolution
		SolutionGuid = {33A62F3D-1F97-45F8-9444-C0DFB6E392E6}
	EndGlobalSection
EndGlobal
